// !$*UTF8*$!
{
	archiveVersion = 1;
	classes = {
	};
	objectVersion = 46;
	objects = {

/* Begin PBXBuildFile section */
		13B07FBC1A68108700A75B9A /* AppDelegate.m in Sources */ = {isa = PBXBuildFile; fileRef = 13B07FB01A68108700A75B9A /* AppDelegate.m */; };
		13B07FBD1A68108700A75B9A /* LaunchScreen.xib in Resources */ = {isa = PBXBuildFile; fileRef = 13B07FB11A68108700A75B9A /* LaunchScreen.xib */; };
		13B07FBF1A68108700A75B9A /* Images.xcassets in Resources */ = {isa = PBXBuildFile; fileRef = 13B07FB51A68108700A75B9A /* Images.xcassets */; };
		13B07FC11A68108700A75B9A /* main.m in Sources */ = {isa = PBXBuildFile; fileRef = 13B07FB71A68108700A75B9A /* main.m */; };
		D5052BB02469B86500F6B17D /* Roboto-Light.ttf in Resources */ = {isa = PBXBuildFile; fileRef = D5052BAE2469B86500F6B17D /* Roboto-Light.ttf */; };
		D578283D2466F3CD00909720 /* AirbnbCereal-ExtraBold.ttf in Resources */ = {isa = PBXBuildFile; fileRef = D578282C2466F3CD00909720 /* AirbnbCereal-ExtraBold.ttf */; };
		D578283E2466F3CD00909720 /* AirbnbCereal-Medium.ttf in Resources */ = {isa = PBXBuildFile; fileRef = D578282D2466F3CD00909720 /* AirbnbCereal-Medium.ttf */; };
		D578283F2466F3CD00909720 /* AirbnbCereal-Book.ttf in Resources */ = {isa = PBXBuildFile; fileRef = D578282E2466F3CD00909720 /* AirbnbCereal-Book.ttf */; };
		D57828402466F3CD00909720 /* AirbnbCereal-Black.ttf in Resources */ = {isa = PBXBuildFile; fileRef = D578282F2466F3CD00909720 /* AirbnbCereal-Black.ttf */; };
		D57828412466F3CD00909720 /* quicksand-regular_[allfont.net].ttf in Resources */ = {isa = PBXBuildFile; fileRef = D57828302466F3CD00909720 /* quicksand-regular_[allfont.net].ttf */; };
		D57828422466F3CD00909720 /* Lora-RegularItalic.ttf in Resources */ = {isa = PBXBuildFile; fileRef = D57828312466F3CD00909720 /* Lora-RegularItalic.ttf */; };
		D57828432466F3CD00909720 /* Lora-Regular.ttf in Resources */ = {isa = PBXBuildFile; fileRef = D57828322466F3CD00909720 /* Lora-Regular.ttf */; };
		D57828442466F3CD00909720 /* Lora-BoldItalic.ttf in Resources */ = {isa = PBXBuildFile; fileRef = D57828332466F3CD00909720 /* Lora-BoldItalic.ttf */; };
		D57828452466F3CD00909720 /* UberMoveText-Medium.ttf in Resources */ = {isa = PBXBuildFile; fileRef = D57828342466F3CD00909720 /* UberMoveText-Medium.ttf */; };
		D57828462466F3CD00909720 /* Roboto-Bold_0.ttf in Resources */ = {isa = PBXBuildFile; fileRef = D57828352466F3CD00909720 /* Roboto-Bold_0.ttf */; };
		D57828472466F3CD00909720 /* AirbnbCereal-Bold.ttf in Resources */ = {isa = PBXBuildFile; fileRef = D57828362466F3CD00909720 /* AirbnbCereal-Bold.ttf */; };
		D57828482466F3CD00909720 /* UberMoveText-Light.ttf in Resources */ = {isa = PBXBuildFile; fileRef = D57828372466F3CD00909720 /* UberMoveText-Light.ttf */; };
		D57828492466F3CD00909720 /* Lora-Bold.ttf in Resources */ = {isa = PBXBuildFile; fileRef = D57828382466F3CD00909720 /* Lora-Bold.ttf */; };
		D578284A2466F3CD00909720 /* Roboto-Medium_0.ttf in Resources */ = {isa = PBXBuildFile; fileRef = D57828392466F3CD00909720 /* Roboto-Medium_0.ttf */; };
		D578284B2466F3CD00909720 /* AirbnbCereal-Light.ttf in Resources */ = {isa = PBXBuildFile; fileRef = D578283A2466F3CD00909720 /* AirbnbCereal-Light.ttf */; };
		D578284C2466F3CD00909720 /* UberMoveText-Bold.ttf in Resources */ = {isa = PBXBuildFile; fileRef = D578283B2466F3CD00909720 /* UberMoveText-Bold.ttf */; };
		D578284D2466F3CD00909720 /* UberMoveText-Regular.ttf in Resources */ = {isa = PBXBuildFile; fileRef = D578283C2466F3CD00909720 /* UberMoveText-Regular.ttf */; };
		E4C9900F687D80FBD9AE5264 /* libPods-RNVideoChat.a in Frameworks */ = {isa = PBXBuildFile; fileRef = A57A2C09C48F250D35C2BC7C /* libPods-RNVideoChat.a */; };
		FB0C11F0C7154A51B368082E /* AntDesign.ttf in Resources */ = {isa = PBXBuildFile; fileRef = AFF77FAD28C0400182907A61 /* AntDesign.ttf */; };
		9AC115683CFB4B52A25A04E4 /* Entypo.ttf in Resources */ = {isa = PBXBuildFile; fileRef = 39283BE3339342ADB85CE07D /* Entypo.ttf */; };
		384777A7E9164A7A9323AEDB /* EvilIcons.ttf in Resources */ = {isa = PBXBuildFile; fileRef = AB114C31907E465FBCB7A5F9 /* EvilIcons.ttf */; };
		369714D865B94149BF8FAEC7 /* Feather.ttf in Resources */ = {isa = PBXBuildFile; fileRef = 0A4B633D615641B68FC3EE17 /* Feather.ttf */; };
		CE75115C6D6E4C61B3235018 /* FontAwesome.ttf in Resources */ = {isa = PBXBuildFile; fileRef = 2481E9F7154D48D9AF6B4AD0 /* FontAwesome.ttf */; };
		C5B309FC46FF464EB7BBAAB1 /* FontAwesome5_Brands.ttf in Resources */ = {isa = PBXBuildFile; fileRef = 9A301DE6916B4281A75E646B /* FontAwesome5_Brands.ttf */; };
		6DD171B6C445401A95DA7C41 /* FontAwesome5_Regular.ttf in Resources */ = {isa = PBXBuildFile; fileRef = 43404B65CDCC405DAAACAECE /* FontAwesome5_Regular.ttf */; };
		62803B205AA245B38352E6D2 /* FontAwesome5_Solid.ttf in Resources */ = {isa = PBXBuildFile; fileRef = F1E4E1DEE6284B7CA64C692F /* FontAwesome5_Solid.ttf */; };
		D6054ACCF5FF47D4AA719D8E /* Fontisto.ttf in Resources */ = {isa = PBXBuildFile; fileRef = EF358A2E38FB475786DCE891 /* Fontisto.ttf */; };
		D8380EFDB7AC4318BE8D6E86 /* Foundation.ttf in Resources */ = {isa = PBXBuildFile; fileRef = DC399516920B4ADEBC48FB01 /* Foundation.ttf */; };
		799434BF4E384E19AB75B6A5 /* Ionicons.ttf in Resources */ = {isa = PBXBuildFile; fileRef = D899AE8B90454690A7F9D931 /* Ionicons.ttf */; };
		E4E4413F1DC0410D986AFD63 /* MaterialCommunityIcons.ttf in Resources */ = {isa = PBXBuildFile; fileRef = D7C5127D71B5495F9D149FC5 /* MaterialCommunityIcons.ttf */; };
		4CB0A8A2EB534944A0C125C3 /* MaterialIcons.ttf in Resources */ = {isa = PBXBuildFile; fileRef = 6D0B235B332E4DF1AC6D82AC /* MaterialIcons.ttf */; };
		0787C3B2B6AE438B817F7082 /* Octicons.ttf in Resources */ = {isa = PBXBuildFile; fileRef = D41C4D3B34BD458F99BC7662 /* Octicons.ttf */; };
		54A74304D09644B9B30188DD /* Roboto_medium.ttf in Resources */ = {isa = PBXBuildFile; fileRef = 1536803656EE4333B99ACB59 /* Roboto_medium.ttf */; };
		D80F12A124194D999B355D96 /* Roboto.ttf in Resources */ = {isa = PBXBuildFile; fileRef = 15751CA8E8D24512AD2B3B24 /* Roboto.ttf */; };
		656032821254439097E9E10C /* rubicon-icon-font.ttf in Resources */ = {isa = PBXBuildFile; fileRef = D7FD931E06C74CC5988EB94C /* rubicon-icon-font.ttf */; };
		93C2FAD5893B4FE686F0B522 /* SimpleLineIcons.ttf in Resources */ = {isa = PBXBuildFile; fileRef = 8B90FC1883904C16B48CAD25 /* SimpleLineIcons.ttf */; };
		EC28BCDD50604C6C8F9F20FA /* Zocial.ttf in Resources */ = {isa = PBXBuildFile; fileRef = 7BCD3113D2244BE5BF947F4D /* Zocial.ttf */; };
/* End PBXBuildFile section */

/* Begin PBXBuildRule section */
		F53AA265240822D9008ED0DB /* PBXBuildRule */ = {
			isa = PBXBuildRule;
			compilerSpec = com.apple.compilers.proxy.script;
			fileType = sourcecode.swift;
			inputFiles = (
			);
			isEditable = 1;
			outputFiles = (
			);
			script = "# $(SWIFT_EXEC)\n";
		};
/* End PBXBuildRule section */

/* Begin PBXContainerItemProxy section */
		F58D5A09233CFD2400B01113 /* PBXContainerItemProxy */ = {
			isa = PBXContainerItemProxy;
			containerPortal = F50C4A23233CF71C00CB33D5 /* RCTWebRTC.xcodeproj */;
			proxyType = 2;
			remoteGlobalIDString = 35A2221F1CB493700015FD5C;
			remoteInfo = RCTWebRTC;
		};
/* End PBXContainerItemProxy section */

/* Begin PBXFileReference section */
		008F07F21AC5B25A0029DE68 /* main.jsbundle */ = {isa = PBXFileReference; fileEncoding = 4; lastKnownFileType = text; path = main.jsbundle; sourceTree = "<group>"; };
		00E356F11AD99517003FC87E /* Info.plist */ = {isa = PBXFileReference; lastKnownFileType = text.plist.xml; path = Info.plist; sourceTree = "<group>"; };
		00E356F21AD99517003FC87E /* RNVideoChatTests.m */ = {isa = PBXFileReference; lastKnownFileType = sourcecode.c.objc; path = RNVideoChatTests.m; sourceTree = "<group>"; };
		13B07F961A680F5B00A75B9A /* RNVideoChat.app */ = {isa = PBXFileReference; explicitFileType = wrapper.application; includeInIndex = 0; path = RNVideoChat.app; sourceTree = BUILT_PRODUCTS_DIR; };
		13B07FAF1A68108700A75B9A /* AppDelegate.h */ = {isa = PBXFileReference; fileEncoding = 4; lastKnownFileType = sourcecode.c.h; name = AppDelegate.h; path = RNVideoChat/AppDelegate.h; sourceTree = "<group>"; };
		13B07FB01A68108700A75B9A /* AppDelegate.m */ = {isa = PBXFileReference; fileEncoding = 4; lastKnownFileType = sourcecode.c.objc; name = AppDelegate.m; path = RNVideoChat/AppDelegate.m; sourceTree = "<group>"; };
		13B07FB21A68108700A75B9A /* Base */ = {isa = PBXFileReference; lastKnownFileType = file.xib; name = Base; path = Base.lproj/LaunchScreen.xib; sourceTree = "<group>"; };
		13B07FB51A68108700A75B9A /* Images.xcassets */ = {isa = PBXFileReference; lastKnownFileType = folder.assetcatalog; name = Images.xcassets; path = RNVideoChat/Images.xcassets; sourceTree = "<group>"; };
		13B07FB61A68108700A75B9A /* Info.plist */ = {isa = PBXFileReference; fileEncoding = 4; lastKnownFileType = text.plist.xml; name = Info.plist; path = RNVideoChat/Info.plist; sourceTree = "<group>"; };
		13B07FB71A68108700A75B9A /* main.m */ = {isa = PBXFileReference; fileEncoding = 4; lastKnownFileType = sourcecode.c.objc; name = main.m; path = RNVideoChat/main.m; sourceTree = "<group>"; };
		38ED231A852685B50D31CA79 /* Pods-RNVideoChat.release.xcconfig */ = {isa = PBXFileReference; includeInIndex = 1; lastKnownFileType = text.xcconfig; name = "Pods-RNVideoChat.release.xcconfig"; path = "Target Support Files/Pods-RNVideoChat/Pods-RNVideoChat.release.xcconfig"; sourceTree = "<group>"; };
		A57A2C09C48F250D35C2BC7C /* libPods-RNVideoChat.a */ = {isa = PBXFileReference; explicitFileType = archive.ar; includeInIndex = 0; path = "libPods-RNVideoChat.a"; sourceTree = BUILT_PRODUCTS_DIR; };
		B713FE70C3CD5AFF5EF835C9 /* Pods-RNVideoChat.debug.xcconfig */ = {isa = PBXFileReference; includeInIndex = 1; lastKnownFileType = text.xcconfig; name = "Pods-RNVideoChat.debug.xcconfig"; path = "Target Support Files/Pods-RNVideoChat/Pods-RNVideoChat.debug.xcconfig"; sourceTree = "<group>"; };
		D5052BAE2469B86500F6B17D /* Roboto-Light.ttf */ = {isa = PBXFileReference; lastKnownFileType = file; path = "Roboto-Light.ttf"; sourceTree = "<group>"; };
		D578282C2466F3CD00909720 /* AirbnbCereal-ExtraBold.ttf */ = {isa = PBXFileReference; lastKnownFileType = file; path = "AirbnbCereal-ExtraBold.ttf"; sourceTree = "<group>"; };
		D578282D2466F3CD00909720 /* AirbnbCereal-Medium.ttf */ = {isa = PBXFileReference; lastKnownFileType = file; path = "AirbnbCereal-Medium.ttf"; sourceTree = "<group>"; };
		D578282E2466F3CD00909720 /* AirbnbCereal-Book.ttf */ = {isa = PBXFileReference; lastKnownFileType = file; path = "AirbnbCereal-Book.ttf"; sourceTree = "<group>"; };
		D578282F2466F3CD00909720 /* AirbnbCereal-Black.ttf */ = {isa = PBXFileReference; lastKnownFileType = file; path = "AirbnbCereal-Black.ttf"; sourceTree = "<group>"; };
		D57828302466F3CD00909720 /* quicksand-regular_[allfont.net].ttf */ = {isa = PBXFileReference; lastKnownFileType = file; path = "quicksand-regular_[allfont.net].ttf"; sourceTree = "<group>"; };
		D57828312466F3CD00909720 /* Lora-RegularItalic.ttf */ = {isa = PBXFileReference; lastKnownFileType = file; path = "Lora-RegularItalic.ttf"; sourceTree = "<group>"; };
		D57828322466F3CD00909720 /* Lora-Regular.ttf */ = {isa = PBXFileReference; lastKnownFileType = file; path = "Lora-Regular.ttf"; sourceTree = "<group>"; };
		D57828332466F3CD00909720 /* Lora-BoldItalic.ttf */ = {isa = PBXFileReference; lastKnownFileType = file; path = "Lora-BoldItalic.ttf"; sourceTree = "<group>"; };
		D57828342466F3CD00909720 /* UberMoveText-Medium.ttf */ = {isa = PBXFileReference; lastKnownFileType = file; path = "UberMoveText-Medium.ttf"; sourceTree = "<group>"; };
		D57828352466F3CD00909720 /* Roboto-Bold_0.ttf */ = {isa = PBXFileReference; lastKnownFileType = file; path = "Roboto-Bold_0.ttf"; sourceTree = "<group>"; };
		D57828362466F3CD00909720 /* AirbnbCereal-Bold.ttf */ = {isa = PBXFileReference; lastKnownFileType = file; path = "AirbnbCereal-Bold.ttf"; sourceTree = "<group>"; };
		D57828372466F3CD00909720 /* UberMoveText-Light.ttf */ = {isa = PBXFileReference; lastKnownFileType = file; path = "UberMoveText-Light.ttf"; sourceTree = "<group>"; };
		D57828382466F3CD00909720 /* Lora-Bold.ttf */ = {isa = PBXFileReference; lastKnownFileType = file; path = "Lora-Bold.ttf"; sourceTree = "<group>"; };
		D57828392466F3CD00909720 /* Roboto-Medium_0.ttf */ = {isa = PBXFileReference; lastKnownFileType = file; path = "Roboto-Medium_0.ttf"; sourceTree = "<group>"; };
		D578283A2466F3CD00909720 /* AirbnbCereal-Light.ttf */ = {isa = PBXFileReference; lastKnownFileType = file; path = "AirbnbCereal-Light.ttf"; sourceTree = "<group>"; };
		D578283B2466F3CD00909720 /* UberMoveText-Bold.ttf */ = {isa = PBXFileReference; lastKnownFileType = file; path = "UberMoveText-Bold.ttf"; sourceTree = "<group>"; };
		D578283C2466F3CD00909720 /* UberMoveText-Regular.ttf */ = {isa = PBXFileReference; lastKnownFileType = file; path = "UberMoveText-Regular.ttf"; sourceTree = "<group>"; };
		ED297162215061F000B7C4FE /* JavaScriptCore.framework */ = {isa = PBXFileReference; lastKnownFileType = wrapper.framework; name = JavaScriptCore.framework; path = System/Library/Frameworks/JavaScriptCore.framework; sourceTree = SDKROOT; };
		ED2971642150620600B7C4FE /* JavaScriptCore.framework */ = {isa = PBXFileReference; lastKnownFileType = wrapper.framework; name = JavaScriptCore.framework; path = Platforms/AppleTVOS.platform/Developer/SDKs/AppleTVOS12.0.sdk/System/Library/Frameworks/JavaScriptCore.framework; sourceTree = DEVELOPER_DIR; };
		F50C4A23233CF71C00CB33D5 /* RCTWebRTC.xcodeproj */ = {isa = PBXFileReference; lastKnownFileType = "wrapper.pb-project"; name = RCTWebRTC.xcodeproj; path = "../node_modules/react-native-webrtc/ios/RCTWebRTC.xcodeproj"; sourceTree = "<group>"; };
		AFF77FAD28C0400182907A61 /* AntDesign.ttf */ = {isa = PBXFileReference; name = "AntDesign.ttf"; path = "../node_modules/native-base/Fonts/AntDesign.ttf"; sourceTree = "<group>"; fileEncoding = undefined; lastKnownFileType = unknown; explicitFileType = undefined; includeInIndex = 0; };
		39283BE3339342ADB85CE07D /* Entypo.ttf */ = {isa = PBXFileReference; name = "Entypo.ttf"; path = "../node_modules/native-base/Fonts/Entypo.ttf"; sourceTree = "<group>"; fileEncoding = undefined; lastKnownFileType = unknown; explicitFileType = undefined; includeInIndex = 0; };
		AB114C31907E465FBCB7A5F9 /* EvilIcons.ttf */ = {isa = PBXFileReference; name = "EvilIcons.ttf"; path = "../node_modules/native-base/Fonts/EvilIcons.ttf"; sourceTree = "<group>"; fileEncoding = undefined; lastKnownFileType = unknown; explicitFileType = undefined; includeInIndex = 0; };
		0A4B633D615641B68FC3EE17 /* Feather.ttf */ = {isa = PBXFileReference; name = "Feather.ttf"; path = "../node_modules/native-base/Fonts/Feather.ttf"; sourceTree = "<group>"; fileEncoding = undefined; lastKnownFileType = unknown; explicitFileType = undefined; includeInIndex = 0; };
		2481E9F7154D48D9AF6B4AD0 /* FontAwesome.ttf */ = {isa = PBXFileReference; name = "FontAwesome.ttf"; path = "../node_modules/native-base/Fonts/FontAwesome.ttf"; sourceTree = "<group>"; fileEncoding = undefined; lastKnownFileType = unknown; explicitFileType = undefined; includeInIndex = 0; };
		9A301DE6916B4281A75E646B /* FontAwesome5_Brands.ttf */ = {isa = PBXFileReference; name = "FontAwesome5_Brands.ttf"; path = "../node_modules/native-base/Fonts/FontAwesome5_Brands.ttf"; sourceTree = "<group>"; fileEncoding = undefined; lastKnownFileType = unknown; explicitFileType = undefined; includeInIndex = 0; };
		43404B65CDCC405DAAACAECE /* FontAwesome5_Regular.ttf */ = {isa = PBXFileReference; name = "FontAwesome5_Regular.ttf"; path = "../node_modules/native-base/Fonts/FontAwesome5_Regular.ttf"; sourceTree = "<group>"; fileEncoding = undefined; lastKnownFileType = unknown; explicitFileType = undefined; includeInIndex = 0; };
		F1E4E1DEE6284B7CA64C692F /* FontAwesome5_Solid.ttf */ = {isa = PBXFileReference; name = "FontAwesome5_Solid.ttf"; path = "../node_modules/native-base/Fonts/FontAwesome5_Solid.ttf"; sourceTree = "<group>"; fileEncoding = undefined; lastKnownFileType = unknown; explicitFileType = undefined; includeInIndex = 0; };
		EF358A2E38FB475786DCE891 /* Fontisto.ttf */ = {isa = PBXFileReference; name = "Fontisto.ttf"; path = "../node_modules/native-base/Fonts/Fontisto.ttf"; sourceTree = "<group>"; fileEncoding = undefined; lastKnownFileType = unknown; explicitFileType = undefined; includeInIndex = 0; };
		DC399516920B4ADEBC48FB01 /* Foundation.ttf */ = {isa = PBXFileReference; name = "Foundation.ttf"; path = "../node_modules/native-base/Fonts/Foundation.ttf"; sourceTree = "<group>"; fileEncoding = undefined; lastKnownFileType = unknown; explicitFileType = undefined; includeInIndex = 0; };
		D899AE8B90454690A7F9D931 /* Ionicons.ttf */ = {isa = PBXFileReference; name = "Ionicons.ttf"; path = "../node_modules/native-base/Fonts/Ionicons.ttf"; sourceTree = "<group>"; fileEncoding = undefined; lastKnownFileType = unknown; explicitFileType = undefined; includeInIndex = 0; };
		D7C5127D71B5495F9D149FC5 /* MaterialCommunityIcons.ttf */ = {isa = PBXFileReference; name = "MaterialCommunityIcons.ttf"; path = "../node_modules/native-base/Fonts/MaterialCommunityIcons.ttf"; sourceTree = "<group>"; fileEncoding = undefined; lastKnownFileType = unknown; explicitFileType = undefined; includeInIndex = 0; };
		6D0B235B332E4DF1AC6D82AC /* MaterialIcons.ttf */ = {isa = PBXFileReference; name = "MaterialIcons.ttf"; path = "../node_modules/native-base/Fonts/MaterialIcons.ttf"; sourceTree = "<group>"; fileEncoding = undefined; lastKnownFileType = unknown; explicitFileType = undefined; includeInIndex = 0; };
		D41C4D3B34BD458F99BC7662 /* Octicons.ttf */ = {isa = PBXFileReference; name = "Octicons.ttf"; path = "../node_modules/native-base/Fonts/Octicons.ttf"; sourceTree = "<group>"; fileEncoding = undefined; lastKnownFileType = unknown; explicitFileType = undefined; includeInIndex = 0; };
		1536803656EE4333B99ACB59 /* Roboto_medium.ttf */ = {isa = PBXFileReference; name = "Roboto_medium.ttf"; path = "../node_modules/native-base/Fonts/Roboto_medium.ttf"; sourceTree = "<group>"; fileEncoding = undefined; lastKnownFileType = unknown; explicitFileType = undefined; includeInIndex = 0; };
		15751CA8E8D24512AD2B3B24 /* Roboto.ttf */ = {isa = PBXFileReference; name = "Roboto.ttf"; path = "../node_modules/native-base/Fonts/Roboto.ttf"; sourceTree = "<group>"; fileEncoding = undefined; lastKnownFileType = unknown; explicitFileType = undefined; includeInIndex = 0; };
		D7FD931E06C74CC5988EB94C /* rubicon-icon-font.ttf */ = {isa = PBXFileReference; name = "rubicon-icon-font.ttf"; path = "../node_modules/native-base/Fonts/rubicon-icon-font.ttf"; sourceTree = "<group>"; fileEncoding = undefined; lastKnownFileType = unknown; explicitFileType = undefined; includeInIndex = 0; };
		8B90FC1883904C16B48CAD25 /* SimpleLineIcons.ttf */ = {isa = PBXFileReference; name = "SimpleLineIcons.ttf"; path = "../node_modules/native-base/Fonts/SimpleLineIcons.ttf"; sourceTree = "<group>"; fileEncoding = undefined; lastKnownFileType = unknown; explicitFileType = undefined; includeInIndex = 0; };
		7BCD3113D2244BE5BF947F4D /* Zocial.ttf */ = {isa = PBXFileReference; name = "Zocial.ttf"; path = "../node_modules/native-base/Fonts/Zocial.ttf"; sourceTree = "<group>"; fileEncoding = undefined; lastKnownFileType = unknown; explicitFileType = undefined; includeInIndex = 0; };
/* End PBXFileReference section */

/* Begin PBXFrameworksBuildPhase section */
		13B07F8C1A680F5B00A75B9A /* Frameworks */ = {
			isa = PBXFrameworksBuildPhase;
			buildActionMask = 2147483647;
			files = (
				E4C9900F687D80FBD9AE5264 /* libPods-RNVideoChat.a in Frameworks */,
			);
			runOnlyForDeploymentPostprocessing = 0;
		};
/* End PBXFrameworksBuildPhase section */

/* Begin PBXGroup section */
		00E356EF1AD99517003FC87E /* RNVideoChatTests */ = {
			isa = PBXGroup;
			children = (
				00E356F21AD99517003FC87E /* RNVideoChatTests.m */,
				00E356F01AD99517003FC87E /* Supporting Files */,
			);
			path = RNVideoChatTests;
			sourceTree = "<group>";
		};
		00E356F01AD99517003FC87E /* Supporting Files */ = {
			isa = PBXGroup;
			children = (
				00E356F11AD99517003FC87E /* Info.plist */,
			);
			name = "Supporting Files";
			sourceTree = "<group>";
		};
		13B07FAE1A68108700A75B9A /* RNVideoChat */ = {
			isa = PBXGroup;
			children = (
				008F07F21AC5B25A0029DE68 /* main.jsbundle */,
				13B07FAF1A68108700A75B9A /* AppDelegate.h */,
				13B07FB01A68108700A75B9A /* AppDelegate.m */,
				13B07FB51A68108700A75B9A /* Images.xcassets */,
				13B07FB61A68108700A75B9A /* Info.plist */,
				13B07FB11A68108700A75B9A /* LaunchScreen.xib */,
				13B07FB71A68108700A75B9A /* main.m */,
			);
			name = RNVideoChat;
			sourceTree = "<group>";
		};
		2D16E6871FA4F8E400B85C8A /* Frameworks */ = {
			isa = PBXGroup;
			children = (
				ED297162215061F000B7C4FE /* JavaScriptCore.framework */,
				ED2971642150620600B7C4FE /* JavaScriptCore.framework */,
				A57A2C09C48F250D35C2BC7C /* libPods-RNVideoChat.a */,
			);
			name = Frameworks;
			sourceTree = "<group>";
		};
		832341AE1AAA6A7D00B99B32 /* Libraries */ = {
			isa = PBXGroup;
			children = (
			);
			name = Libraries;
			sourceTree = "<group>";
		};
		83CBB9F61A601CBA00E9B192 = {
			isa = PBXGroup;
			children = (
				D578282A2466F39300909720 /* fonts */,
				13B07FAE1A68108700A75B9A /* RNVideoChat */,
				832341AE1AAA6A7D00B99B32 /* Libraries */,
				00E356EF1AD99517003FC87E /* RNVideoChatTests */,
				83CBBA001A601CBA00E9B192 /* Products */,
				2D16E6871FA4F8E400B85C8A /* Frameworks */,
				B984E7E8AA49633CA4200DBF /* Pods */,
				F4FA2785C6834CBB9101CB59 /* Resources */,
			);
			indentWidth = 2;
			sourceTree = "<group>";
			tabWidth = 2;
			usesTabs = 0;
		};
		83CBBA001A601CBA00E9B192 /* Products */ = {
			isa = PBXGroup;
			children = (
				13B07F961A680F5B00A75B9A /* RNVideoChat.app */,
			);
			name = Products;
			sourceTree = "<group>";
		};
		B984E7E8AA49633CA4200DBF /* Pods */ = {
			isa = PBXGroup;
			children = (
				B713FE70C3CD5AFF5EF835C9 /* Pods-RNVideoChat.debug.xcconfig */,
				38ED231A852685B50D31CA79 /* Pods-RNVideoChat.release.xcconfig */,
			);
			path = Pods;
			sourceTree = "<group>";
		};
		D578282A2466F39300909720 /* fonts */ = {
			isa = PBXGroup;
			children = (
				D578282F2466F3CD00909720 /* AirbnbCereal-Black.ttf */,
				D57828362466F3CD00909720 /* AirbnbCereal-Bold.ttf */,
				D578282E2466F3CD00909720 /* AirbnbCereal-Book.ttf */,
				D578282C2466F3CD00909720 /* AirbnbCereal-ExtraBold.ttf */,
				D578283A2466F3CD00909720 /* AirbnbCereal-Light.ttf */,
				D5052BAE2469B86500F6B17D /* Roboto-Light.ttf */,
				D578282D2466F3CD00909720 /* AirbnbCereal-Medium.ttf */,
				D57828382466F3CD00909720 /* Lora-Bold.ttf */,
				D57828332466F3CD00909720 /* Lora-BoldItalic.ttf */,
				D57828322466F3CD00909720 /* Lora-Regular.ttf */,
				D57828312466F3CD00909720 /* Lora-RegularItalic.ttf */,
				D57828302466F3CD00909720 /* quicksand-regular_[allfont.net].ttf */,
				D57828352466F3CD00909720 /* Roboto-Bold_0.ttf */,
				D57828392466F3CD00909720 /* Roboto-Medium_0.ttf */,
				D578283B2466F3CD00909720 /* UberMoveText-Bold.ttf */,
				D57828372466F3CD00909720 /* UberMoveText-Light.ttf */,
				D57828342466F3CD00909720 /* UberMoveText-Medium.ttf */,
				D578283C2466F3CD00909720 /* UberMoveText-Regular.ttf */,
			);
			path = fonts;
			sourceTree = "<group>";
		};
		F50C4A24233CF71C00CB33D5 /* Products */ = {
			isa = PBXGroup;
			children = (
				F58D5A0A233CFD2400B01113 /* libRCTWebRTC.a */,
			);
			name = Products;
			sourceTree = "<group>";
		};
		F4FA2785C6834CBB9101CB59 /* Resources */ = {
			isa = "PBXGroup";
			children = (
				AFF77FAD28C0400182907A61 /* AntDesign.ttf */,
				39283BE3339342ADB85CE07D /* Entypo.ttf */,
				AB114C31907E465FBCB7A5F9 /* EvilIcons.ttf */,
				0A4B633D615641B68FC3EE17 /* Feather.ttf */,
				2481E9F7154D48D9AF6B4AD0 /* FontAwesome.ttf */,
				9A301DE6916B4281A75E646B /* FontAwesome5_Brands.ttf */,
				43404B65CDCC405DAAACAECE /* FontAwesome5_Regular.ttf */,
				F1E4E1DEE6284B7CA64C692F /* FontAwesome5_Solid.ttf */,
				EF358A2E38FB475786DCE891 /* Fontisto.ttf */,
				DC399516920B4ADEBC48FB01 /* Foundation.ttf */,
				D899AE8B90454690A7F9D931 /* Ionicons.ttf */,
				D7C5127D71B5495F9D149FC5 /* MaterialCommunityIcons.ttf */,
				6D0B235B332E4DF1AC6D82AC /* MaterialIcons.ttf */,
				D41C4D3B34BD458F99BC7662 /* Octicons.ttf */,
				1536803656EE4333B99ACB59 /* Roboto_medium.ttf */,
				15751CA8E8D24512AD2B3B24 /* Roboto.ttf */,
				D7FD931E06C74CC5988EB94C /* rubicon-icon-font.ttf */,
				8B90FC1883904C16B48CAD25 /* SimpleLineIcons.ttf */,
				7BCD3113D2244BE5BF947F4D /* Zocial.ttf */,
			);
			name = Resources;
			sourceTree = "<group>";
			path = "";
		};
/* End PBXGroup section */

/* Begin PBXNativeTarget section */
		13B07F861A680F5B00A75B9A /* RNVideoChat */ = {
			isa = PBXNativeTarget;
			buildConfigurationList = 13B07F931A680F5B00A75B9A /* Build configuration list for PBXNativeTarget "RNVideoChat" */;
			buildPhases = (
				3EBF65F7B90795F13EE89DCD /* [CP] Check Pods Manifest.lock */,
				FD10A7F022414F080027D42C /* Start Packager */,
				13B07F871A680F5B00A75B9A /* Sources */,
				13B07F8C1A680F5B00A75B9A /* Frameworks */,
				13B07F8E1A680F5B00A75B9A /* Resources */,
				00DD1BFF1BD5951E006B06BC /* Bundle React Native code and images */,
				2E5C6EE4D2297ED43F7E4E3C /* [CP] Embed Pods Frameworks */,
				331953A019EACBED016A9D86 /* [CP] Copy Pods Resources */,
			);
			buildRules = (
				F53AA265240822D9008ED0DB /* PBXBuildRule */,
			);
			dependencies = (
			);
			name = RNVideoChat;
			productName = RNVideoChat;
			productReference = 13B07F961A680F5B00A75B9A /* RNVideoChat.app */;
			productType = "com.apple.product-type.application";
		};
/* End PBXNativeTarget section */

/* Begin PBXProject section */
		83CBB9F71A601CBA00E9B192 /* Project object */ = {
			isa = PBXProject;
			attributes = {
				LastUpgradeCheck = 940;
				ORGANIZATIONNAME = Facebook;
				TargetAttributes = {
					13B07F861A680F5B00A75B9A = {
						DevelopmentTeam = 8A2JX5NC8U;
					};
				};
			};
			buildConfigurationList = 83CBB9FA1A601CBA00E9B192 /* Build configuration list for PBXProject "RNVideoChat" */;
			compatibilityVersion = "Xcode 3.2";
			developmentRegion = English;
			hasScannedForEncodings = 0;
			knownRegions = (
				English,
				en,
				Base,
			);
			mainGroup = 83CBB9F61A601CBA00E9B192;
			productRefGroup = 83CBBA001A601CBA00E9B192 /* Products */;
			projectDirPath = "";
			projectReferences = (
				{
					ProductGroup = F50C4A24233CF71C00CB33D5 /* Products */;
					ProjectRef = F50C4A23233CF71C00CB33D5 /* RCTWebRTC.xcodeproj */;
				},
			);
			projectRoot = "";
			targets = (
				13B07F861A680F5B00A75B9A /* RNVideoChat */,
			);
		};
/* End PBXProject section */

/* Begin PBXReferenceProxy section */
		F58D5A0A233CFD2400B01113 /* libRCTWebRTC.a */ = {
			isa = PBXReferenceProxy;
			fileType = archive.ar;
			path = libRCTWebRTC.a;
			remoteRef = F58D5A09233CFD2400B01113 /* PBXContainerItemProxy */;
			sourceTree = BUILT_PRODUCTS_DIR;
		};
/* End PBXReferenceProxy section */

/* Begin PBXResourcesBuildPhase section */
		13B07F8E1A680F5B00A75B9A /* Resources */ = {
			isa = PBXResourcesBuildPhase;
			buildActionMask = 2147483647;
			files = (
				D578284D2466F3CD00909720 /* UberMoveText-Regular.ttf in Resources */,
				13B07FBF1A68108700A75B9A /* Images.xcassets in Resources */,
				D5052BB02469B86500F6B17D /* Roboto-Light.ttf in Resources */,
				D578284A2466F3CD00909720 /* Roboto-Medium_0.ttf in Resources */,
				D578284B2466F3CD00909720 /* AirbnbCereal-Light.ttf in Resources */,
				D57828442466F3CD00909720 /* Lora-BoldItalic.ttf in Resources */,
				D57828472466F3CD00909720 /* AirbnbCereal-Bold.ttf in Resources */,
				D578284C2466F3CD00909720 /* UberMoveText-Bold.ttf in Resources */,
				D57828492466F3CD00909720 /* Lora-Bold.ttf in Resources */,
				13B07FBD1A68108700A75B9A /* LaunchScreen.xib in Resources */,
				D57828452466F3CD00909720 /* UberMoveText-Medium.ttf in Resources */,
				D57828402466F3CD00909720 /* AirbnbCereal-Black.ttf in Resources */,
				D578283D2466F3CD00909720 /* AirbnbCereal-ExtraBold.ttf in Resources */,
				D57828432466F3CD00909720 /* Lora-Regular.ttf in Resources */,
				D57828462466F3CD00909720 /* Roboto-Bold_0.ttf in Resources */,
				D57828482466F3CD00909720 /* UberMoveText-Light.ttf in Resources */,
				D57828412466F3CD00909720 /* quicksand-regular_[allfont.net].ttf in Resources */,
				D57828422466F3CD00909720 /* Lora-RegularItalic.ttf in Resources */,
				D578283E2466F3CD00909720 /* AirbnbCereal-Medium.ttf in Resources */,
				D578283F2466F3CD00909720 /* AirbnbCereal-Book.ttf in Resources */,
				FB0C11F0C7154A51B368082E /* AntDesign.ttf in Resources */,
				9AC115683CFB4B52A25A04E4 /* Entypo.ttf in Resources */,
				384777A7E9164A7A9323AEDB /* EvilIcons.ttf in Resources */,
				369714D865B94149BF8FAEC7 /* Feather.ttf in Resources */,
				CE75115C6D6E4C61B3235018 /* FontAwesome.ttf in Resources */,
				C5B309FC46FF464EB7BBAAB1 /* FontAwesome5_Brands.ttf in Resources */,
				6DD171B6C445401A95DA7C41 /* FontAwesome5_Regular.ttf in Resources */,
				62803B205AA245B38352E6D2 /* FontAwesome5_Solid.ttf in Resources */,
				D6054ACCF5FF47D4AA719D8E /* Fontisto.ttf in Resources */,
				D8380EFDB7AC4318BE8D6E86 /* Foundation.ttf in Resources */,
				799434BF4E384E19AB75B6A5 /* Ionicons.ttf in Resources */,
				E4E4413F1DC0410D986AFD63 /* MaterialCommunityIcons.ttf in Resources */,
				4CB0A8A2EB534944A0C125C3 /* MaterialIcons.ttf in Resources */,
				0787C3B2B6AE438B817F7082 /* Octicons.ttf in Resources */,
				54A74304D09644B9B30188DD /* Roboto_medium.ttf in Resources */,
				D80F12A124194D999B355D96 /* Roboto.ttf in Resources */,
				656032821254439097E9E10C /* rubicon-icon-font.ttf in Resources */,
				93C2FAD5893B4FE686F0B522 /* SimpleLineIcons.ttf in Resources */,
				EC28BCDD50604C6C8F9F20FA /* Zocial.ttf in Resources */,
			);
			runOnlyForDeploymentPostprocessing = 0;
		};
/* End PBXResourcesBuildPhase section */

/* Begin PBXShellScriptBuildPhase section */
		00DD1BFF1BD5951E006B06BC /* Bundle React Native code and images */ = {
			isa = PBXShellScriptBuildPhase;
			buildActionMask = 2147483647;
			files = (
			);
			inputPaths = (
			);
			name = "Bundle React Native code and images";
			outputPaths = (
			);
			runOnlyForDeploymentPostprocessing = 0;
			shellPath = /bin/sh;
			shellScript = "export NODE_BINARY=node\n../node_modules/react-native/scripts/react-native-xcode.sh";
		};
		2E5C6EE4D2297ED43F7E4E3C /* [CP] Embed Pods Frameworks */ = {
			isa = PBXShellScriptBuildPhase;
			buildActionMask = 2147483647;
			files = (
			);
			inputPaths = (
				"${PODS_ROOT}/Target Support Files/Pods-RNVideoChat/Pods-RNVideoChat-frameworks.sh",
				"${PODS_ROOT}/../../node_modules/react-native-webrtc/ios/WebRTC.framework",
			);
			name = "[CP] Embed Pods Frameworks";
			outputPaths = (
				"${TARGET_BUILD_DIR}/${FRAMEWORKS_FOLDER_PATH}/WebRTC.framework",
			);
			runOnlyForDeploymentPostprocessing = 0;
			shellPath = /bin/sh;
			shellScript = "\"${PODS_ROOT}/Target Support Files/Pods-RNVideoChat/Pods-RNVideoChat-frameworks.sh\"\n";
			showEnvVarsInLog = 0;
		};
		331953A019EACBED016A9D86 /* [CP] Copy Pods Resources */ = {
			isa = PBXShellScriptBuildPhase;
			buildActionMask = 2147483647;
			files = (
			);
			inputPaths = (
				"${PODS_ROOT}/Target Support Files/Pods-RNVideoChat/Pods-RNVideoChat-resources.sh",
				"${PODS_CONFIGURATION_BUILD_DIR}/RNImageCropPicker/QBImagePicker.bundle",
				"${PODS_ROOT}/../../node_modules/react-native-vector-icons/Fonts/AntDesign.ttf",
				"${PODS_ROOT}/../../node_modules/react-native-vector-icons/Fonts/Entypo.ttf",
				"${PODS_ROOT}/../../node_modules/react-native-vector-icons/Fonts/EvilIcons.ttf",
				"${PODS_ROOT}/../../node_modules/react-native-vector-icons/Fonts/Feather.ttf",
				"${PODS_ROOT}/../../node_modules/react-native-vector-icons/Fonts/FontAwesome.ttf",
				"${PODS_ROOT}/../../node_modules/react-native-vector-icons/Fonts/FontAwesome5_Brands.ttf",
				"${PODS_ROOT}/../../node_modules/react-native-vector-icons/Fonts/FontAwesome5_Regular.ttf",
				"${PODS_ROOT}/../../node_modules/react-native-vector-icons/Fonts/FontAwesome5_Solid.ttf",
				"${PODS_ROOT}/../../node_modules/react-native-vector-icons/Fonts/Fontisto.ttf",
				"${PODS_ROOT}/../../node_modules/react-native-vector-icons/Fonts/Foundation.ttf",
				"${PODS_ROOT}/../../node_modules/react-native-vector-icons/Fonts/Ionicons.ttf",
				"${PODS_ROOT}/../../node_modules/react-native-vector-icons/Fonts/MaterialCommunityIcons.ttf",
				"${PODS_ROOT}/../../node_modules/react-native-vector-icons/Fonts/MaterialIcons.ttf",
				"${PODS_ROOT}/../../node_modules/react-native-vector-icons/Fonts/Octicons.ttf",
				"${PODS_ROOT}/../../node_modules/react-native-vector-icons/Fonts/SimpleLineIcons.ttf",
				"${PODS_ROOT}/../../node_modules/react-native-vector-icons/Fonts/Zocial.ttf",
				"${PODS_CONFIGURATION_BUILD_DIR}/TOCropViewController/TOCropViewControllerBundle.bundle",
			);
			name = "[CP] Copy Pods Resources";
			outputPaths = (
				"${TARGET_BUILD_DIR}/${UNLOCALIZED_RESOURCES_FOLDER_PATH}/QBImagePicker.bundle",
				"${TARGET_BUILD_DIR}/${UNLOCALIZED_RESOURCES_FOLDER_PATH}/AntDesign.ttf",
				"${TARGET_BUILD_DIR}/${UNLOCALIZED_RESOURCES_FOLDER_PATH}/Entypo.ttf",
				"${TARGET_BUILD_DIR}/${UNLOCALIZED_RESOURCES_FOLDER_PATH}/EvilIcons.ttf",
				"${TARGET_BUILD_DIR}/${UNLOCALIZED_RESOURCES_FOLDER_PATH}/Feather.ttf",
				"${TARGET_BUILD_DIR}/${UNLOCALIZED_RESOURCES_FOLDER_PATH}/FontAwesome.ttf",
				"${TARGET_BUILD_DIR}/${UNLOCALIZED_RESOURCES_FOLDER_PATH}/FontAwesome5_Brands.ttf",
				"${TARGET_BUILD_DIR}/${UNLOCALIZED_RESOURCES_FOLDER_PATH}/FontAwesome5_Regular.ttf",
				"${TARGET_BUILD_DIR}/${UNLOCALIZED_RESOURCES_FOLDER_PATH}/FontAwesome5_Solid.ttf",
				"${TARGET_BUILD_DIR}/${UNLOCALIZED_RESOURCES_FOLDER_PATH}/Fontisto.ttf",
				"${TARGET_BUILD_DIR}/${UNLOCALIZED_RESOURCES_FOLDER_PATH}/Foundation.ttf",
				"${TARGET_BUILD_DIR}/${UNLOCALIZED_RESOURCES_FOLDER_PATH}/Ionicons.ttf",
				"${TARGET_BUILD_DIR}/${UNLOCALIZED_RESOURCES_FOLDER_PATH}/MaterialCommunityIcons.ttf",
				"${TARGET_BUILD_DIR}/${UNLOCALIZED_RESOURCES_FOLDER_PATH}/MaterialIcons.ttf",
				"${TARGET_BUILD_DIR}/${UNLOCALIZED_RESOURCES_FOLDER_PATH}/Octicons.ttf",
				"${TARGET_BUILD_DIR}/${UNLOCALIZED_RESOURCES_FOLDER_PATH}/SimpleLineIcons.ttf",
				"${TARGET_BUILD_DIR}/${UNLOCALIZED_RESOURCES_FOLDER_PATH}/Zocial.ttf",
				"${TARGET_BUILD_DIR}/${UNLOCALIZED_RESOURCES_FOLDER_PATH}/TOCropViewControllerBundle.bundle",
			);
			runOnlyForDeploymentPostprocessing = 0;
			shellPath = /bin/sh;
			shellScript = "\"${PODS_ROOT}/Target Support Files/Pods-RNVideoChat/Pods-RNVideoChat-resources.sh\"\n";
			showEnvVarsInLog = 0;
		};
		3EBF65F7B90795F13EE89DCD /* [CP] Check Pods Manifest.lock */ = {
			isa = PBXShellScriptBuildPhase;
			buildActionMask = 2147483647;
			files = (
			);
			inputFileListPaths = (
			);
			inputPaths = (
				"${PODS_PODFILE_DIR_PATH}/Podfile.lock",
				"${PODS_ROOT}/Manifest.lock",
			);
			name = "[CP] Check Pods Manifest.lock";
			outputFileListPaths = (
			);
			outputPaths = (
				"$(DERIVED_FILE_DIR)/Pods-RNVideoChat-checkManifestLockResult.txt",
			);
			runOnlyForDeploymentPostprocessing = 0;
			shellPath = /bin/sh;
			shellScript = "diff \"${PODS_PODFILE_DIR_PATH}/Podfile.lock\" \"${PODS_ROOT}/Manifest.lock\" > /dev/null\nif [ $? != 0 ] ; then\n    # print error to STDERR\n    echo \"error: The sandbox is not in sync with the Podfile.lock. Run 'pod install' or update your CocoaPods installation.\" >&2\n    exit 1\nfi\n# This output is used by Xcode 'outputs' to avoid re-running this script phase.\necho \"SUCCESS\" > \"${SCRIPT_OUTPUT_FILE_0}\"\n";
			showEnvVarsInLog = 0;
		};
		FD10A7F022414F080027D42C /* Start Packager */ = {
			isa = PBXShellScriptBuildPhase;
			buildActionMask = 2147483647;
			files = (
			);
			inputFileListPaths = (
			);
			inputPaths = (
			);
			name = "Start Packager";
			outputFileListPaths = (
			);
			outputPaths = (
			);
			runOnlyForDeploymentPostprocessing = 0;
			shellPath = /bin/sh;
			shellScript = "export RCT_METRO_PORT=\"${RCT_METRO_PORT:=8081}\"\necho \"export RCT_METRO_PORT=${RCT_METRO_PORT}\" > \"${SRCROOT}/../node_modules/react-native/scripts/.packager.env\"\nif [ -z \"${RCT_NO_LAUNCH_PACKAGER+xxx}\" ] ; then\n  if nc -w 5 -z localhost ${RCT_METRO_PORT} ; then\n    if ! curl -s \"http://localhost:${RCT_METRO_PORT}/status\" | grep -q \"packager-status:running\" ; then\n      echo \"Port ${RCT_METRO_PORT} already in use, packager is either not running or not running correctly\"\n      exit 2\n    fi\n  else\n    open \"$SRCROOT/../node_modules/react-native/scripts/launchPackager.command\" || echo \"Can't start packager automatically\"\n  fi\nfi\n";
			showEnvVarsInLog = 0;
		};
/* End PBXShellScriptBuildPhase section */

/* Begin PBXSourcesBuildPhase section */
		13B07F871A680F5B00A75B9A /* Sources */ = {
			isa = PBXSourcesBuildPhase;
			buildActionMask = 2147483647;
			files = (
				13B07FBC1A68108700A75B9A /* AppDelegate.m in Sources */,
				13B07FC11A68108700A75B9A /* main.m in Sources */,
			);
			runOnlyForDeploymentPostprocessing = 0;
		};
/* End PBXSourcesBuildPhase section */

/* Begin PBXVariantGroup section */
		13B07FB11A68108700A75B9A /* LaunchScreen.xib */ = {
			isa = PBXVariantGroup;
			children = (
				13B07FB21A68108700A75B9A /* Base */,
			);
			name = LaunchScreen.xib;
			path = RNVideoChat;
			sourceTree = "<group>";
		};
/* End PBXVariantGroup section */

/* Begin XCBuildConfiguration section */
		13B07F941A680F5B00A75B9A /* Debug */ = {
			isa = XCBuildConfiguration;
			baseConfigurationReference = B713FE70C3CD5AFF5EF835C9 /* Pods-RNVideoChat.debug.xcconfig */;
			buildSettings = {
				ASSETCATALOG_COMPILER_APPICON_NAME = AppIcon;
				CURRENT_PROJECT_VERSION = 1;
				DEAD_CODE_STRIPPING = NO;
				DEVELOPMENT_TEAM = 8A2JX5NC8U;
				ENABLE_BITCODE = NO;
				HEADER_SEARCH_PATHS = "$(inherited)";
				INFOPLIST_FILE = RNVideoChat/Info.plist;
				IPHONEOS_DEPLOYMENT_TARGET = 10.0;
				LD_RUNPATH_SEARCH_PATHS = "$(inherited) @executable_path/Frameworks";
				NEW_SETTING = "";
				OTHER_LDFLAGS = (
					"$(inherited)",
					"-ObjC",
					"-lc++",
				);
				PRODUCT_BUNDLE_IDENTIFIER = com.saicinsurance.RNVideoChat;
				PRODUCT_NAME = RNVideoChat;
				SWIFT_VERSION = 5.0;
				VERSIONING_SYSTEM = "apple-generic";
			};
			name = Debug;
		};
		13B07F951A680F5B00A75B9A /* Release */ = {
			isa = XCBuildConfiguration;
			baseConfigurationReference = 38ED231A852685B50D31CA79 /* Pods-RNVideoChat.release.xcconfig */;
			buildSettings = {
				ASSETCATALOG_COMPILER_APPICON_NAME = AppIcon;
				CURRENT_PROJECT_VERSION = 1;
				DEVELOPMENT_TEAM = 8A2JX5NC8U;
				ENABLE_BITCODE = NO;
				HEADER_SEARCH_PATHS = "$(inherited)";
				INFOPLIST_FILE = RNVideoChat/Info.plist;
				IPHONEOS_DEPLOYMENT_TARGET = 10.0;
				LD_RUNPATH_SEARCH_PATHS = "$(inherited) @executable_path/Frameworks";
				NEW_SETTING = "";
				OTHER_LDFLAGS = (
					"$(inherited)",
					"-ObjC",
					"-lc++",
				);
				PRODUCT_BUNDLE_IDENTIFIER = com.saicinsurance.RNVideoChat;
				PRODUCT_NAME = RNVideoChat;
				SWIFT_VERSION = 5.0;
				VERSIONING_SYSTEM = "apple-generic";
			};
			name = Release;
		};
		83CBBA201A601CBA00E9B192 /* Debug */ = {
			isa = XCBuildConfiguration;
			buildSettings = {
				ALWAYS_SEARCH_USER_PATHS = NO;
				CLANG_CXX_LANGUAGE_STANDARD = "gnu++0x";
				CLANG_CXX_LIBRARY = "libc++";
				CLANG_ENABLE_MODULES = YES;
				CLANG_ENABLE_OBJC_ARC = YES;
				CLANG_WARN_BLOCK_CAPTURE_AUTORELEASING = YES;
				CLANG_WARN_BOOL_CONVERSION = YES;
				CLANG_WARN_COMMA = YES;
				CLANG_WARN_CONSTANT_CONVERSION = YES;
				CLANG_WARN_DEPRECATED_OBJC_IMPLEMENTATIONS = YES;
				CLANG_WARN_DIRECT_OBJC_ISA_USAGE = YES_ERROR;
				CLANG_WARN_EMPTY_BODY = YES;
				CLANG_WARN_ENUM_CONVERSION = YES;
				CLANG_WARN_INFINITE_RECURSION = YES;
				CLANG_WARN_INT_CONVERSION = YES;
				CLANG_WARN_NON_LITERAL_NULL_CONVERSION = YES;
				CLANG_WARN_OBJC_IMPLICIT_RETAIN_SELF = YES;
				CLANG_WARN_OBJC_LITERAL_CONVERSION = YES;
				CLANG_WARN_OBJC_ROOT_CLASS = YES_ERROR;
				CLANG_WARN_RANGE_LOOP_ANALYSIS = YES;
				CLANG_WARN_STRICT_PROTOTYPES = YES;
				CLANG_WARN_SUSPICIOUS_MOVE = YES;
				CLANG_WARN_UNREACHABLE_CODE = YES;
				CLANG_WARN__DUPLICATE_METHOD_MATCH = YES;
				"CODE_SIGN_IDENTITY[sdk=iphoneos*]" = "iPhone Developer";
				COPY_PHASE_STRIP = NO;
				ENABLE_STRICT_OBJC_MSGSEND = YES;
				ENABLE_TESTABILITY = YES;
				GCC_C_LANGUAGE_STANDARD = gnu99;
				GCC_DYNAMIC_NO_PIC = NO;
				GCC_NO_COMMON_BLOCKS = YES;
				GCC_OPTIMIZATION_LEVEL = 0;
				GCC_PREPROCESSOR_DEFINITIONS = (
					"DEBUG=1",
					"$(inherited)",
				);
				GCC_SYMBOLS_PRIVATE_EXTERN = NO;
				GCC_WARN_64_TO_32_BIT_CONVERSION = YES;
				GCC_WARN_ABOUT_RETURN_TYPE = YES_ERROR;
				GCC_WARN_UNDECLARED_SELECTOR = YES;
				GCC_WARN_UNINITIALIZED_AUTOS = YES_AGGRESSIVE;
				GCC_WARN_UNUSED_FUNCTION = YES;
				GCC_WARN_UNUSED_VARIABLE = YES;
				IPHONEOS_DEPLOYMENT_TARGET = 10.0;
				MTL_ENABLE_DEBUG_INFO = YES;
				ONLY_ACTIVE_ARCH = YES;
				SDKROOT = iphoneos;
			};
			name = Debug;
		};
		83CBBA211A601CBA00E9B192 /* Release */ = {
			isa = XCBuildConfiguration;
			buildSettings = {
				ALWAYS_SEARCH_USER_PATHS = NO;
				CLANG_CXX_LANGUAGE_STANDARD = "gnu++0x";
				CLANG_CXX_LIBRARY = "libc++";
				CLANG_ENABLE_MODULES = YES;
				CLANG_ENABLE_OBJC_ARC = YES;
				CLANG_WARN_BLOCK_CAPTURE_AUTORELEASING = YES;
				CLANG_WARN_BOOL_CONVERSION = YES;
				CLANG_WARN_COMMA = YES;
				CLANG_WARN_CONSTANT_CONVERSION = YES;
				CLANG_WARN_DEPRECATED_OBJC_IMPLEMENTATIONS = YES;
				CLANG_WARN_DIRECT_OBJC_ISA_USAGE = YES_ERROR;
				CLANG_WARN_EMPTY_BODY = YES;
				CLANG_WARN_ENUM_CONVERSION = YES;
				CLANG_WARN_INFINITE_RECURSION = YES;
				CLANG_WARN_INT_CONVERSION = YES;
				CLANG_WARN_NON_LITERAL_NULL_CONVERSION = YES;
				CLANG_WARN_OBJC_IMPLICIT_RETAIN_SELF = YES;
				CLANG_WARN_OBJC_LITERAL_CONVERSION = YES;
				CLANG_WARN_OBJC_ROOT_CLASS = YES_ERROR;
				CLANG_WARN_RANGE_LOOP_ANALYSIS = YES;
				CLANG_WARN_STRICT_PROTOTYPES = YES;
				CLANG_WARN_SUSPICIOUS_MOVE = YES;
				CLANG_WARN_UNREACHABLE_CODE = YES;
				CLANG_WARN__DUPLICATE_METHOD_MATCH = YES;
				"CODE_SIGN_IDENTITY[sdk=iphoneos*]" = "iPhone Developer";
				COPY_PHASE_STRIP = YES;
				ENABLE_NS_ASSERTIONS = NO;
				ENABLE_STRICT_OBJC_MSGSEND = YES;
				GCC_C_LANGUAGE_STANDARD = gnu99;
				GCC_NO_COMMON_BLOCKS = YES;
				GCC_WARN_64_TO_32_BIT_CONVERSION = YES;
				GCC_WARN_ABOUT_RETURN_TYPE = YES_ERROR;
				GCC_WARN_UNDECLARED_SELECTOR = YES;
				GCC_WARN_UNINITIALIZED_AUTOS = YES_AGGRESSIVE;
				GCC_WARN_UNUSED_FUNCTION = YES;
				GCC_WARN_UNUSED_VARIABLE = YES;
				IPHONEOS_DEPLOYMENT_TARGET = 10.0;
				MTL_ENABLE_DEBUG_INFO = NO;
				SDKROOT = iphoneos;
				VALIDATE_PRODUCT = YES;
			};
			name = Release;
		};
/* End XCBuildConfiguration section */

/* Begin XCConfigurationList section */
		13B07F931A680F5B00A75B9A /* Build configuration list for PBXNativeTarget "RNVideoChat" */ = {
			isa = XCConfigurationList;
			buildConfigurations = (
				13B07F941A680F5B00A75B9A /* Debug */,
				13B07F951A680F5B00A75B9A /* Release */,
			);
			defaultConfigurationIsVisible = 0;
			defaultConfigurationName = Release;
		};
		83CBB9FA1A601CBA00E9B192 /* Build configuration list for PBXProject "RNVideoChat" */ = {
			isa = XCConfigurationList;
			buildConfigurations = (
				83CBBA201A601CBA00E9B192 /* Debug */,
				83CBBA211A601CBA00E9B192 /* Release */,
			);
			defaultConfigurationIsVisible = 0;
			defaultConfigurationName = Release;
		};
/* End XCConfigurationList section */
	};
	rootObject = 83CBB9F71A601CBA00E9B192 /* Project object */;
}
